// !$*UTF8*$!
{
	archiveVersion = 1;
	classes = {
	};
	objectVersion = 51;
	objects = {

/* Begin PBXBuildFile section */
		11BD19EB1CAFE0236780C2F0 /* Pods_probeGenerics_probeGenericsUITests.framework in Frameworks */ = {isa = PBXBuildFile; fileRef = 342A8AF66CF9D5E353EF39DC /* Pods_probeGenerics_probeGenericsUITests.framework */; };
		25ABE871A878E86BD8B0A05D /* Pods_probeGenerics.framework in Frameworks */ = {isa = PBXBuildFile; fileRef = 408A0318996EC6C2F4308A44 /* Pods_probeGenerics.framework */; };
		6EBFCB45542DE4CE91530420 /* Pods_probeGenericsTests.framework in Frameworks */ = {isa = PBXBuildFile; fileRef = B7428AE21006FEBDC2F01195 /* Pods_probeGenericsTests.framework */; };
		CE1895B525879217001BEBA2 /* TableViewController.swift in Sources */ = {isa = PBXBuildFile; fileRef = CE1895B425879217001BEBA2 /* TableViewController.swift */; };
		CE1895BD2587AB97001BEBA2 /* WebViewController.swift in Sources */ = {isa = PBXBuildFile; fileRef = CE1895BC2587AB97001BEBA2 /* WebViewController.swift */; };
		CE1895F32588F5CA001BEBA2 /* WorldNewsParseManager.swift in Sources */ = {isa = PBXBuildFile; fileRef = CE1895F22588F5CA001BEBA2 /* WorldNewsParseManager.swift */; };
		CE771F7225872C9E0043CF0C /* AppDelegate.swift in Sources */ = {isa = PBXBuildFile; fileRef = CE771F7125872C9E0043CF0C /* AppDelegate.swift */; };
		CE771F7425872C9E0043CF0C /* SceneDelegate.swift in Sources */ = {isa = PBXBuildFile; fileRef = CE771F7325872C9E0043CF0C /* SceneDelegate.swift */; };
		CE771F7925872C9E0043CF0C /* Main.storyboard in Resources */ = {isa = PBXBuildFile; fileRef = CE771F7725872C9E0043CF0C /* Main.storyboard */; };
		CE771F7C25872C9E0043CF0C /* AppleTop.xcdatamodeld in Sources */ = {isa = PBXBuildFile; fileRef = CE771F7A25872C9E0043CF0C /* AppleTop.xcdatamodeld */; };
		CE771F7E25872C9F0043CF0C /* Assets.xcassets in Resources */ = {isa = PBXBuildFile; fileRef = CE771F7D25872C9F0043CF0C /* Assets.xcassets */; };
		CE771F8125872C9F0043CF0C /* LaunchScreen.storyboard in Resources */ = {isa = PBXBuildFile; fileRef = CE771F7F25872C9F0043CF0C /* LaunchScreen.storyboard */; };
		CE771F8C25872C9F0043CF0C /* AppleTop Tests.swift in Sources */ = {isa = PBXBuildFile; fileRef = CE771F8B25872C9F0043CF0C /* AppleTop Tests.swift */; };
		CE771F9725872C9F0043CF0C /* probeGenericsUITests.swift in Sources */ = {isa = PBXBuildFile; fileRef = CE771F9625872C9F0043CF0C /* probeGenericsUITests.swift */; };
		CE771FBE2587395D0043CF0C /* ModelInfo.swift in Sources */ = {isa = PBXBuildFile; fileRef = CE771FBD2587395D0043CF0C /* ModelInfo.swift */; };
		CE771FC42587398B0043CF0C /* NetworkManager.swift in Sources */ = {isa = PBXBuildFile; fileRef = CE771FC32587398B0043CF0C /* NetworkManager.swift */; };
		CE7C61F7258B4C000079ED3B /* NewTableViewCell.swift in Sources */ = {isa = PBXBuildFile; fileRef = CE7C61F5258B4C000079ED3B /* NewTableViewCell.swift */; };
		CE7C61F8258B4C000079ED3B /* NewTableViewCell.xib in Resources */ = {isa = PBXBuildFile; fileRef = CE7C61F6258B4C000079ED3B /* NewTableViewCell.xib */; };
		CE9CC6B72588F704009FCCD6 /* ModelNews.swift in Sources */ = {isa = PBXBuildFile; fileRef = CE9CC6B62588F704009FCCD6 /* ModelNews.swift */; };
		CE9CC6BF25892CB1009FCCD6 /* TableView + Extension.swift in Sources */ = {isa = PBXBuildFile; fileRef = CE9CC6BE25892CB1009FCCD6 /* TableView + Extension.swift */; };
		CEB0FDE525F8D24200AEF77F /* Constants.swift in Sources */ = {isa = PBXBuildFile; fileRef = CEB0FDE425F8D24200AEF77F /* Constants.swift */; };
		CEB4FBE02587402D00809448 /* ModelInfoParse.swift in Sources */ = {isa = PBXBuildFile; fileRef = CEB4FBDF2587402D00809448 /* ModelInfoParse.swift */; };
/* End PBXBuildFile section */

/* Begin PBXContainerItemProxy section */
		CE771F8825872C9F0043CF0C /* PBXContainerItemProxy */ = {
			isa = PBXContainerItemProxy;
			containerPortal = CE771F6625872C9E0043CF0C /* Project object */;
			proxyType = 1;
			remoteGlobalIDString = CE771F6D25872C9E0043CF0C;
			remoteInfo = probeGenerics;
		};
		CE771F9325872C9F0043CF0C /* PBXContainerItemProxy */ = {
			isa = PBXContainerItemProxy;
			containerPortal = CE771F6625872C9E0043CF0C /* Project object */;
			proxyType = 1;
			remoteGlobalIDString = CE771F6D25872C9E0043CF0C;
			remoteInfo = probeGenerics;
		};
/* End PBXContainerItemProxy section */

/* Begin PBXFileReference section */
		313CA4739FBB63701A34B279 /* Pods-probeGenericsTests.release.xcconfig */ = {isa = PBXFileReference; includeInIndex = 1; lastKnownFileType = text.xcconfig; name = "Pods-probeGenericsTests.release.xcconfig"; path = "Target Support Files/Pods-probeGenericsTests/Pods-probeGenericsTests.release.xcconfig"; sourceTree = "<group>"; };
		342A8AF66CF9D5E353EF39DC /* Pods_probeGenerics_probeGenericsUITests.framework */ = {isa = PBXFileReference; explicitFileType = wrapper.framework; includeInIndex = 0; path = Pods_probeGenerics_probeGenericsUITests.framework; sourceTree = BUILT_PRODUCTS_DIR; };
		399EB8CE07C855AD0A2948CF /* Pods-probeGenericsTests.debug.xcconfig */ = {isa = PBXFileReference; includeInIndex = 1; lastKnownFileType = text.xcconfig; name = "Pods-probeGenericsTests.debug.xcconfig"; path = "Target Support Files/Pods-probeGenericsTests/Pods-probeGenericsTests.debug.xcconfig"; sourceTree = "<group>"; };
		408A0318996EC6C2F4308A44 /* Pods_probeGenerics.framework */ = {isa = PBXFileReference; explicitFileType = wrapper.framework; includeInIndex = 0; path = Pods_probeGenerics.framework; sourceTree = BUILT_PRODUCTS_DIR; };
		69923CBE0CACEDF8F53EF25E /* Pods-probeGenerics-probeGenericsUITests.debug.xcconfig */ = {isa = PBXFileReference; includeInIndex = 1; lastKnownFileType = text.xcconfig; name = "Pods-probeGenerics-probeGenericsUITests.debug.xcconfig"; path = "Target Support Files/Pods-probeGenerics-probeGenericsUITests/Pods-probeGenerics-probeGenericsUITests.debug.xcconfig"; sourceTree = "<group>"; };
		7B733E0491B99FAA94E5AB62 /* Pods-probeGenerics.release.xcconfig */ = {isa = PBXFileReference; includeInIndex = 1; lastKnownFileType = text.xcconfig; name = "Pods-probeGenerics.release.xcconfig"; path = "Target Support Files/Pods-probeGenerics/Pods-probeGenerics.release.xcconfig"; sourceTree = "<group>"; };
		B7428AE21006FEBDC2F01195 /* Pods_probeGenericsTests.framework */ = {isa = PBXFileReference; explicitFileType = wrapper.framework; includeInIndex = 0; path = Pods_probeGenericsTests.framework; sourceTree = BUILT_PRODUCTS_DIR; };
		C8E0CCED83E674488D065D5F /* Pods-probeGenerics.debug.xcconfig */ = {isa = PBXFileReference; includeInIndex = 1; lastKnownFileType = text.xcconfig; name = "Pods-probeGenerics.debug.xcconfig"; path = "Target Support Files/Pods-probeGenerics/Pods-probeGenerics.debug.xcconfig"; sourceTree = "<group>"; };
		CE1895B425879217001BEBA2 /* TableViewController.swift */ = {isa = PBXFileReference; lastKnownFileType = sourcecode.swift; path = TableViewController.swift; sourceTree = "<group>"; };
		CE1895BC2587AB97001BEBA2 /* WebViewController.swift */ = {isa = PBXFileReference; lastKnownFileType = sourcecode.swift; path = WebViewController.swift; sourceTree = "<group>"; };
		CE1895F22588F5CA001BEBA2 /* WorldNewsParseManager.swift */ = {isa = PBXFileReference; lastKnownFileType = sourcecode.swift; path = WorldNewsParseManager.swift; sourceTree = "<group>"; };
		CE771F6E25872C9E0043CF0C /* AppleTop.app */ = {isa = PBXFileReference; explicitFileType = wrapper.application; includeInIndex = 0; path = AppleTop.app; sourceTree = BUILT_PRODUCTS_DIR; };
		CE771F7125872C9E0043CF0C /* AppDelegate.swift */ = {isa = PBXFileReference; lastKnownFileType = sourcecode.swift; path = AppDelegate.swift; sourceTree = "<group>"; };
		CE771F7325872C9E0043CF0C /* SceneDelegate.swift */ = {isa = PBXFileReference; lastKnownFileType = sourcecode.swift; path = SceneDelegate.swift; sourceTree = "<group>"; };
		CE771F7825872C9E0043CF0C /* Base */ = {isa = PBXFileReference; lastKnownFileType = file.storyboard; name = Base; path = Base.lproj/Main.storyboard; sourceTree = "<group>"; };
		CE771F7B25872C9E0043CF0C /* probeGenerics.xcdatamodel */ = {isa = PBXFileReference; lastKnownFileType = wrapper.xcdatamodel; path = probeGenerics.xcdatamodel; sourceTree = "<group>"; };
		CE771F7D25872C9F0043CF0C /* Assets.xcassets */ = {isa = PBXFileReference; lastKnownFileType = folder.assetcatalog; path = Assets.xcassets; sourceTree = "<group>"; };
		CE771F8025872C9F0043CF0C /* Base */ = {isa = PBXFileReference; lastKnownFileType = file.storyboard; name = Base; path = Base.lproj/LaunchScreen.storyboard; sourceTree = "<group>"; };
		CE771F8725872C9F0043CF0C /* AppleTopTests.xctest */ = {isa = PBXFileReference; explicitFileType = wrapper.cfbundle; includeInIndex = 0; path = AppleTopTests.xctest; sourceTree = BUILT_PRODUCTS_DIR; };
		CE771F8B25872C9F0043CF0C /* AppleTop Tests.swift */ = {isa = PBXFileReference; lastKnownFileType = sourcecode.swift; path = "AppleTop Tests.swift"; sourceTree = "<group>"; };
		CE771F8D25872C9F0043CF0C /* Info.plist */ = {isa = PBXFileReference; lastKnownFileType = text.plist.xml; path = Info.plist; sourceTree = "<group>"; };
		CE771F9225872C9F0043CF0C /* AppleTopUITests.xctest */ = {isa = PBXFileReference; explicitFileType = wrapper.cfbundle; includeInIndex = 0; path = AppleTopUITests.xctest; sourceTree = BUILT_PRODUCTS_DIR; };
		CE771F9625872C9F0043CF0C /* probeGenericsUITests.swift */ = {isa = PBXFileReference; lastKnownFileType = sourcecode.swift; path = probeGenericsUITests.swift; sourceTree = "<group>"; };
		CE771F9825872C9F0043CF0C /* Info.plist */ = {isa = PBXFileReference; lastKnownFileType = text.plist.xml; path = Info.plist; sourceTree = "<group>"; };
		CE771FBD2587395D0043CF0C /* ModelInfo.swift */ = {isa = PBXFileReference; lastKnownFileType = sourcecode.swift; path = ModelInfo.swift; sourceTree = "<group>"; };
		CE771FC32587398B0043CF0C /* NetworkManager.swift */ = {isa = PBXFileReference; lastKnownFileType = sourcecode.swift; path = NetworkManager.swift; sourceTree = "<group>"; };
		CE7C61F5258B4C000079ED3B /* NewTableViewCell.swift */ = {isa = PBXFileReference; lastKnownFileType = sourcecode.swift; path = NewTableViewCell.swift; sourceTree = "<group>"; };
		CE7C61F6258B4C000079ED3B /* NewTableViewCell.xib */ = {isa = PBXFileReference; lastKnownFileType = file.xib; path = NewTableViewCell.xib; sourceTree = "<group>"; };
		CE9CC6B62588F704009FCCD6 /* ModelNews.swift */ = {isa = PBXFileReference; lastKnownFileType = sourcecode.swift; path = ModelNews.swift; sourceTree = "<group>"; };
		CE9CC6BE25892CB1009FCCD6 /* TableView + Extension.swift */ = {isa = PBXFileReference; lastKnownFileType = sourcecode.swift; path = "TableView + Extension.swift"; sourceTree = "<group>"; };
		CEB0FDE425F8D24200AEF77F /* Constants.swift */ = {isa = PBXFileReference; lastKnownFileType = sourcecode.swift; path = Constants.swift; sourceTree = "<group>"; };
		CEB4FBDF2587402D00809448 /* ModelInfoParse.swift */ = {isa = PBXFileReference; lastKnownFileType = sourcecode.swift; path = ModelInfoParse.swift; sourceTree = "<group>"; };
		E416647F1319EAFC7261FA0F /* Pods-probeGenerics-probeGenericsUITests.release.xcconfig */ = {isa = PBXFileReference; includeInIndex = 1; lastKnownFileType = text.xcconfig; name = "Pods-probeGenerics-probeGenericsUITests.release.xcconfig"; path = "Target Support Files/Pods-probeGenerics-probeGenericsUITests/Pods-probeGenerics-probeGenericsUITests.release.xcconfig"; sourceTree = "<group>"; };
/* End PBXFileReference section */

/* Begin PBXFrameworksBuildPhase section */
		CE771F6B25872C9E0043CF0C /* Frameworks */ = {
			isa = PBXFrameworksBuildPhase;
			buildActionMask = 2147483647;
			files = (
				25ABE871A878E86BD8B0A05D /* Pods_probeGenerics.framework in Frameworks */,
			);
			runOnlyForDeploymentPostprocessing = 0;
		};
		CE771F8425872C9F0043CF0C /* Frameworks */ = {
			isa = PBXFrameworksBuildPhase;
			buildActionMask = 2147483647;
			files = (
				6EBFCB45542DE4CE91530420 /* Pods_probeGenericsTests.framework in Frameworks */,
			);
			runOnlyForDeploymentPostprocessing = 0;
		};
		CE771F8F25872C9F0043CF0C /* Frameworks */ = {
			isa = PBXFrameworksBuildPhase;
			buildActionMask = 2147483647;
			files = (
				11BD19EB1CAFE0236780C2F0 /* Pods_probeGenerics_probeGenericsUITests.framework in Frameworks */,
			);
			runOnlyForDeploymentPostprocessing = 0;
		};
/* End PBXFrameworksBuildPhase section */

/* Begin PBXGroup section */
		BD63C8F05CA546EEAF801288 /* Pods */ = {
			isa = PBXGroup;
			children = (
				C8E0CCED83E674488D065D5F /* Pods-probeGenerics.debug.xcconfig */,
				7B733E0491B99FAA94E5AB62 /* Pods-probeGenerics.release.xcconfig */,
				69923CBE0CACEDF8F53EF25E /* Pods-probeGenerics-probeGenericsUITests.debug.xcconfig */,
				E416647F1319EAFC7261FA0F /* Pods-probeGenerics-probeGenericsUITests.release.xcconfig */,
				399EB8CE07C855AD0A2948CF /* Pods-probeGenericsTests.debug.xcconfig */,
				313CA4739FBB63701A34B279 /* Pods-probeGenericsTests.release.xcconfig */,
			);
			path = Pods;
			sourceTree = "<group>";
		};
		CE771F6525872C9E0043CF0C = {
			isa = PBXGroup;
			children = (
				CE771F7025872C9E0043CF0C /* AppleTop */,
				CE771F8A25872C9F0043CF0C /* AppleTop Tests */,
				CE771F9525872C9F0043CF0C /* AppleTop  UITests */,
				CE771F6F25872C9E0043CF0C /* Products */,
				BD63C8F05CA546EEAF801288 /* Pods */,
				F97373890B7697C5E05BFFAA /* Frameworks */,
			);
			sourceTree = "<group>";
		};
		CE771F6F25872C9E0043CF0C /* Products */ = {
			isa = PBXGroup;
			children = (
				CE771F6E25872C9E0043CF0C /* AppleTop.app */,
				CE771F8725872C9F0043CF0C /* AppleTopTests.xctest */,
				CE771F9225872C9F0043CF0C /* AppleTopUITests.xctest */,
			);
			name = Products;
			sourceTree = "<group>";
		};
		CE771F7025872C9E0043CF0C /* AppleTop */ = {
			isa = PBXGroup;
			children = (
				CE771FA725872D4C0043CF0C /* AppDelegate */,
				CE771FA825872D630043CF0C /* Resources */,
				CE771FA925872DAB0043CF0C /* Songs */,
				CE771FB1258732DC0043CF0C /* Network */,
			);
			path = AppleTop;
			sourceTree = "<group>";
		};
		CE771F8A25872C9F0043CF0C /* AppleTop Tests */ = {
			isa = PBXGroup;
			children = (
				CE771F8B25872C9F0043CF0C /* AppleTop Tests.swift */,
				CE771F8D25872C9F0043CF0C /* Info.plist */,
			);
			path = "AppleTop Tests";
			sourceTree = "<group>";
		};
		CE771F9525872C9F0043CF0C /* AppleTop  UITests */ = {
			isa = PBXGroup;
			children = (
				CE771F9625872C9F0043CF0C /* probeGenericsUITests.swift */,
				CE771F9825872C9F0043CF0C /* Info.plist */,
			);
			path = "AppleTop  UITests";
			sourceTree = "<group>";
		};
		CE771FA725872D4C0043CF0C /* AppDelegate */ = {
			isa = PBXGroup;
			children = (
				CE771F7125872C9E0043CF0C /* AppDelegate.swift */,
				CE771F7325872C9E0043CF0C /* SceneDelegate.swift */,
			);
			path = AppDelegate;
			sourceTree = "<group>";
		};
		CE771FA825872D630043CF0C /* Resources */ = {
			isa = PBXGroup;
			children = (
				CE771F7D25872C9F0043CF0C /* Assets.xcassets */,
				CEB0FDE425F8D24200AEF77F /* Constants.swift */,
			);
			path = Resources;
			sourceTree = "<group>";
		};
		CE771FA925872DAB0043CF0C /* Songs */ = {
			isa = PBXGroup;
			children = (
				CE771FB0258732CA0043CF0C /* Cell */,
				CE771F7725872C9E0043CF0C /* Main.storyboard */,
				CE1895B425879217001BEBA2 /* TableViewController.swift */,
				CE9CC6BE25892CB1009FCCD6 /* TableView + Extension.swift */,
				CE1895BC2587AB97001BEBA2 /* WebViewController.swift */,
				CE771F7F25872C9F0043CF0C /* LaunchScreen.storyboard */,
				CE771F7A25872C9E0043CF0C /* AppleTop.xcdatamodeld */,
			);
			path = Songs;
			sourceTree = "<group>";
		};
		CE771FB0258732CA0043CF0C /* Cell */ = {
			isa = PBXGroup;
			children = (
				CE7C61F5258B4C000079ED3B /* NewTableViewCell.swift */,
				CE7C61F6258B4C000079ED3B /* NewTableViewCell.xib */,
			);
			path = Cell;
			sourceTree = "<group>";
		};
		CE771FB1258732DC0043CF0C /* Network */ = {
			isa = PBXGroup;
			children = (
				CE771FC2258739760043CF0C /* Models */,
				CE771FC32587398B0043CF0C /* NetworkManager.swift */,
				CEB4FBDF2587402D00809448 /* ModelInfoParse.swift */,
				CE1895F22588F5CA001BEBA2 /* WorldNewsParseManager.swift */,
			);
			path = Network;
			sourceTree = "<group>";
		};
		CE771FC2258739760043CF0C /* Models */ = {
			isa = PBXGroup;
			children = (
				CE771FBD2587395D0043CF0C /* ModelInfo.swift */,
				CE9CC6B62588F704009FCCD6 /* ModelNews.swift */,
			);
			path = Models;
			sourceTree = "<group>";
		};
		F97373890B7697C5E05BFFAA /* Frameworks */ = {
			isa = PBXGroup;
			children = (
				408A0318996EC6C2F4308A44 /* Pods_probeGenerics.framework */,
				342A8AF66CF9D5E353EF39DC /* Pods_probeGenerics_probeGenericsUITests.framework */,
				B7428AE21006FEBDC2F01195 /* Pods_probeGenericsTests.framework */,
			);
			name = Frameworks;
			sourceTree = "<group>";
		};
/* End PBXGroup section */

/* Begin PBXNativeTarget section */
		CE771F6D25872C9E0043CF0C /* AppleTop */ = {
			isa = PBXNativeTarget;
			buildConfigurationList = CE771F9B25872C9F0043CF0C /* Build configuration list for PBXNativeTarget "AppleTop" */;
			buildPhases = (
				76F636946DE2032BDA07FC5E /* [CP] Check Pods Manifest.lock */,
				CE771F6A25872C9E0043CF0C /* Sources */,
				CE771F6B25872C9E0043CF0C /* Frameworks */,
				CE771F6C25872C9E0043CF0C /* Resources */,
				575273AE4C2C1265841171D3 /* [CP] Embed Pods Frameworks */,
			);
			buildRules = (
			);
			dependencies = (
			);
			name = AppleTop;
			productName = probeGenerics;
			productReference = CE771F6E25872C9E0043CF0C /* AppleTop.app */;
			productType = "com.apple.product-type.application";
		};
		CE771F8625872C9F0043CF0C /* AppleTopTests */ = {
			isa = PBXNativeTarget;
			buildConfigurationList = CE771F9E25872C9F0043CF0C /* Build configuration list for PBXNativeTarget "AppleTopTests" */;
			buildPhases = (
				B7E19DF9A5AFF3B0E4497EAD /* [CP] Check Pods Manifest.lock */,
				CE771F8325872C9F0043CF0C /* Sources */,
				CE771F8425872C9F0043CF0C /* Frameworks */,
				CE771F8525872C9F0043CF0C /* Resources */,
			);
			buildRules = (
			);
			dependencies = (
				CE771F8925872C9F0043CF0C /* PBXTargetDependency */,
			);
			name = AppleTopTests;
			productName = probeGenericsTests;
			productReference = CE771F8725872C9F0043CF0C /* AppleTopTests.xctest */;
			productType = "com.apple.product-type.bundle.unit-test";
		};
		CE771F9125872C9F0043CF0C /* AppleTopUITests */ = {
			isa = PBXNativeTarget;
			buildConfigurationList = CE771FA125872C9F0043CF0C /* Build configuration list for PBXNativeTarget "AppleTopUITests" */;
			buildPhases = (
				0C420C72D07BCE044C57CE9E /* [CP] Check Pods Manifest.lock */,
				CE771F8E25872C9F0043CF0C /* Sources */,
				CE771F8F25872C9F0043CF0C /* Frameworks */,
				CE771F9025872C9F0043CF0C /* Resources */,
				30976FC42B7511851CEC96F4 /* [CP] Embed Pods Frameworks */,
			);
			buildRules = (
			);
			dependencies = (
				CE771F9425872C9F0043CF0C /* PBXTargetDependency */,
			);
			name = AppleTopUITests;
			productName = probeGenericsUITests;
			productReference = CE771F9225872C9F0043CF0C /* AppleTopUITests.xctest */;
			productType = "com.apple.product-type.bundle.ui-testing";
		};
/* End PBXNativeTarget section */

/* Begin PBXProject section */
		CE771F6625872C9E0043CF0C /* Project object */ = {
			isa = PBXProject;
			attributes = {
				LastSwiftUpdateCheck = 1220;
				LastUpgradeCheck = 1220;
				TargetAttributes = {
					CE771F6D25872C9E0043CF0C = {
						CreatedOnToolsVersion = 12.2;
					};
					CE771F8625872C9F0043CF0C = {
						CreatedOnToolsVersion = 12.2;
						TestTargetID = CE771F6D25872C9E0043CF0C;
					};
					CE771F9125872C9F0043CF0C = {
						CreatedOnToolsVersion = 12.2;
						TestTargetID = CE771F6D25872C9E0043CF0C;
					};
				};
			};
			buildConfigurationList = CE771F6925872C9E0043CF0C /* Build configuration list for PBXProject "AppleTop" */;
			compatibilityVersion = "Xcode 9.3";
			developmentRegion = en;
			hasScannedForEncodings = 0;
			knownRegions = (
				en,
				Base,
			);
			mainGroup = CE771F6525872C9E0043CF0C;
			productRefGroup = CE771F6F25872C9E0043CF0C /* Products */;
			projectDirPath = "";
			projectRoot = "";
			targets = (
				CE771F6D25872C9E0043CF0C /* AppleTop */,
				CE771F8625872C9F0043CF0C /* AppleTopTests */,
				CE771F9125872C9F0043CF0C /* AppleTopUITests */,
			);
		};
/* End PBXProject section */

/* Begin PBXResourcesBuildPhase section */
		CE771F6C25872C9E0043CF0C /* Resources */ = {
			isa = PBXResourcesBuildPhase;
			buildActionMask = 2147483647;
			files = (
				CE771F8125872C9F0043CF0C /* LaunchScreen.storyboard in Resources */,
				CE771F7E25872C9F0043CF0C /* Assets.xcassets in Resources */,
				CE7C61F8258B4C000079ED3B /* NewTableViewCell.xib in Resources */,
				CE771F7925872C9E0043CF0C /* Main.storyboard in Resources */,
			);
			runOnlyForDeploymentPostprocessing = 0;
		};
		CE771F8525872C9F0043CF0C /* Resources */ = {
			isa = PBXResourcesBuildPhase;
			buildActionMask = 2147483647;
			files = (
			);
			runOnlyForDeploymentPostprocessing = 0;
		};
		CE771F9025872C9F0043CF0C /* Resources */ = {
			isa = PBXResourcesBuildPhase;
			buildActionMask = 2147483647;
			files = (
			);
			runOnlyForDeploymentPostprocessing = 0;
		};
/* End PBXResourcesBuildPhase section */

/* Begin PBXShellScriptBuildPhase section */
		0C420C72D07BCE044C57CE9E /* [CP] Check Pods Manifest.lock */ = {
			isa = PBXShellScriptBuildPhase;
			buildActionMask = 2147483647;
			files = (
			);
			inputFileListPaths = (
			);
			inputPaths = (
				"${PODS_PODFILE_DIR_PATH}/Podfile.lock",
				"${PODS_ROOT}/Manifest.lock",
			);
			name = "[CP] Check Pods Manifest.lock";
			outputFileListPaths = (
			);
			outputPaths = (
				"$(DERIVED_FILE_DIR)/Pods-probeGenerics-probeGenericsUITests-checkManifestLockResult.txt",
			);
			runOnlyForDeploymentPostprocessing = 0;
			shellPath = /bin/sh;
			shellScript = "diff \"${PODS_PODFILE_DIR_PATH}/Podfile.lock\" \"${PODS_ROOT}/Manifest.lock\" > /dev/null\nif [ $? != 0 ] ; then\n    # print error to STDERR\n    echo \"error: The sandbox is not in sync with the Podfile.lock. Run 'pod install' or update your CocoaPods installation.\" >&2\n    exit 1\nfi\n# This output is used by Xcode 'outputs' to avoid re-running this script phase.\necho \"SUCCESS\" > \"${SCRIPT_OUTPUT_FILE_0}\"\n";
			showEnvVarsInLog = 0;
		};
		30976FC42B7511851CEC96F4 /* [CP] Embed Pods Frameworks */ = {
			isa = PBXShellScriptBuildPhase;
			buildActionMask = 2147483647;
			files = (
			);
			inputFileListPaths = (
				"${PODS_ROOT}/Target Support Files/Pods-probeGenerics-probeGenericsUITests/Pods-probeGenerics-probeGenericsUITests-frameworks-${CONFIGURATION}-input-files.xcfilelist",
			);
			name = "[CP] Embed Pods Frameworks";
			outputFileListPaths = (
				"${PODS_ROOT}/Target Support Files/Pods-probeGenerics-probeGenericsUITests/Pods-probeGenerics-probeGenericsUITests-frameworks-${CONFIGURATION}-output-files.xcfilelist",
			);
			runOnlyForDeploymentPostprocessing = 0;
			shellPath = /bin/sh;
			shellScript = "\"${PODS_ROOT}/Target Support Files/Pods-probeGenerics-probeGenericsUITests/Pods-probeGenerics-probeGenericsUITests-frameworks.sh\"\n";
			showEnvVarsInLog = 0;
		};
		575273AE4C2C1265841171D3 /* [CP] Embed Pods Frameworks */ = {
			isa = PBXShellScriptBuildPhase;
			buildActionMask = 2147483647;
			files = (
			);
			inputFileListPaths = (
				"${PODS_ROOT}/Target Support Files/Pods-probeGenerics/Pods-probeGenerics-frameworks-${CONFIGURATION}-input-files.xcfilelist",
			);
			name = "[CP] Embed Pods Frameworks";
			outputFileListPaths = (
				"${PODS_ROOT}/Target Support Files/Pods-probeGenerics/Pods-probeGenerics-frameworks-${CONFIGURATION}-output-files.xcfilelist",
			);
			runOnlyForDeploymentPostprocessing = 0;
			shellPath = /bin/sh;
			shellScript = "\"${PODS_ROOT}/Target Support Files/Pods-probeGenerics/Pods-probeGenerics-frameworks.sh\"\n";
			showEnvVarsInLog = 0;
		};
		76F636946DE2032BDA07FC5E /* [CP] Check Pods Manifest.lock */ = {
			isa = PBXShellScriptBuildPhase;
			buildActionMask = 2147483647;
			files = (
			);
			inputFileListPaths = (
			);
			inputPaths = (
				"${PODS_PODFILE_DIR_PATH}/Podfile.lock",
				"${PODS_ROOT}/Manifest.lock",
			);
			name = "[CP] Check Pods Manifest.lock";
			outputFileListPaths = (
			);
			outputPaths = (
				"$(DERIVED_FILE_DIR)/Pods-probeGenerics-checkManifestLockResult.txt",
			);
			runOnlyForDeploymentPostprocessing = 0;
			shellPath = /bin/sh;
			shellScript = "diff \"${PODS_PODFILE_DIR_PATH}/Podfile.lock\" \"${PODS_ROOT}/Manifest.lock\" > /dev/null\nif [ $? != 0 ] ; then\n    # print error to STDERR\n    echo \"error: The sandbox is not in sync with the Podfile.lock. Run 'pod install' or update your CocoaPods installation.\" >&2\n    exit 1\nfi\n# This output is used by Xcode 'outputs' to avoid re-running this script phase.\necho \"SUCCESS\" > \"${SCRIPT_OUTPUT_FILE_0}\"\n";
			showEnvVarsInLog = 0;
		};
		B7E19DF9A5AFF3B0E4497EAD /* [CP] Check Pods Manifest.lock */ = {
			isa = PBXShellScriptBuildPhase;
			buildActionMask = 2147483647;
			files = (
			);
			inputFileListPaths = (
			);
			inputPaths = (
				"${PODS_PODFILE_DIR_PATH}/Podfile.lock",
				"${PODS_ROOT}/Manifest.lock",
			);
			name = "[CP] Check Pods Manifest.lock";
			outputFileListPaths = (
			);
			outputPaths = (
				"$(DERIVED_FILE_DIR)/Pods-probeGenericsTests-checkManifestLockResult.txt",
			);
			runOnlyForDeploymentPostprocessing = 0;
			shellPath = /bin/sh;
			shellScript = "diff \"${PODS_PODFILE_DIR_PATH}/Podfile.lock\" \"${PODS_ROOT}/Manifest.lock\" > /dev/null\nif [ $? != 0 ] ; then\n    # print error to STDERR\n    echo \"error: The sandbox is not in sync with the Podfile.lock. Run 'pod install' or update your CocoaPods installation.\" >&2\n    exit 1\nfi\n# This output is used by Xcode 'outputs' to avoid re-running this script phase.\necho \"SUCCESS\" > \"${SCRIPT_OUTPUT_FILE_0}\"\n";
			showEnvVarsInLog = 0;
		};
/* End PBXShellScriptBuildPhase section */

/* Begin PBXSourcesBuildPhase section */
		CE771F6A25872C9E0043CF0C /* Sources */ = {
			isa = PBXSourcesBuildPhase;
			buildActionMask = 2147483647;
			files = (
				CE1895BD2587AB97001BEBA2 /* WebViewController.swift in Sources */,
				CE771F7225872C9E0043CF0C /* AppDelegate.swift in Sources */,
				CE771FC42587398B0043CF0C /* NetworkManager.swift in Sources */,
				CEB4FBE02587402D00809448 /* ModelInfoParse.swift in Sources */,
				CE1895F32588F5CA001BEBA2 /* WorldNewsParseManager.swift in Sources */,
				CE771FBE2587395D0043CF0C /* ModelInfo.swift in Sources */,
				CE7C61F7258B4C000079ED3B /* NewTableViewCell.swift in Sources */,
				CEB0FDE525F8D24200AEF77F /* Constants.swift in Sources */,
				CE9CC6B72588F704009FCCD6 /* ModelNews.swift in Sources */,
				CE771F7C25872C9E0043CF0C /* AppleTop.xcdatamodeld in Sources */,
				CE9CC6BF25892CB1009FCCD6 /* TableView + Extension.swift in Sources */,
				CE1895B525879217001BEBA2 /* TableViewController.swift in Sources */,
				CE771F7425872C9E0043CF0C /* SceneDelegate.swift in Sources */,
			);
			runOnlyForDeploymentPostprocessing = 0;
		};
		CE771F8325872C9F0043CF0C /* Sources */ = {
			isa = PBXSourcesBuildPhase;
			buildActionMask = 2147483647;
			files = (
				CE771F8C25872C9F0043CF0C /* AppleTop Tests.swift in Sources */,
			);
			runOnlyForDeploymentPostprocessing = 0;
		};
		CE771F8E25872C9F0043CF0C /* Sources */ = {
			isa = PBXSourcesBuildPhase;
			buildActionMask = 2147483647;
			files = (
				CE771F9725872C9F0043CF0C /* probeGenericsUITests.swift in Sources */,
			);
			runOnlyForDeploymentPostprocessing = 0;
		};
/* End PBXSourcesBuildPhase section */

/* Begin PBXTargetDependency section */
		CE771F8925872C9F0043CF0C /* PBXTargetDependency */ = {
			isa = PBXTargetDependency;
			target = CE771F6D25872C9E0043CF0C /* AppleTop */;
			targetProxy = CE771F8825872C9F0043CF0C /* PBXContainerItemProxy */;
		};
		CE771F9425872C9F0043CF0C /* PBXTargetDependency */ = {
			isa = PBXTargetDependency;
			target = CE771F6D25872C9E0043CF0C /* AppleTop */;
			targetProxy = CE771F9325872C9F0043CF0C /* PBXContainerItemProxy */;
		};
/* End PBXTargetDependency section */

/* Begin PBXVariantGroup section */
		CE771F7725872C9E0043CF0C /* Main.storyboard */ = {
			isa = PBXVariantGroup;
			children = (
				CE771F7825872C9E0043CF0C /* Base */,
			);
			name = Main.storyboard;
			sourceTree = "<group>";
		};
		CE771F7F25872C9F0043CF0C /* LaunchScreen.storyboard */ = {
			isa = PBXVariantGroup;
			children = (
				CE771F8025872C9F0043CF0C /* Base */,
			);
			name = LaunchScreen.storyboard;
			sourceTree = "<group>";
		};
/* End PBXVariantGroup section */

/* Begin XCBuildConfiguration section */
		CE771F9925872C9F0043CF0C /* Debug */ = {
			isa = XCBuildConfiguration;
			buildSettings = {
				ALWAYS_SEARCH_USER_PATHS = NO;
				CLANG_ANALYZER_NONNULL = YES;
				CLANG_ANALYZER_NUMBER_OBJECT_CONVERSION = YES_AGGRESSIVE;
				CLANG_CXX_LANGUAGE_STANDARD = "gnu++14";
				CLANG_CXX_LIBRARY = "libc++";
				CLANG_ENABLE_MODULES = YES;
				CLANG_ENABLE_OBJC_ARC = YES;
				CLANG_ENABLE_OBJC_WEAK = YES;
				CLANG_WARN_BLOCK_CAPTURE_AUTORELEASING = YES;
				CLANG_WARN_BOOL_CONVERSION = YES;
				CLANG_WARN_COMMA = YES;
				CLANG_WARN_CONSTANT_CONVERSION = YES;
				CLANG_WARN_DEPRECATED_OBJC_IMPLEMENTATIONS = YES;
				CLANG_WARN_DIRECT_OBJC_ISA_USAGE = YES_ERROR;
				CLANG_WARN_DOCUMENTATION_COMMENTS = YES;
				CLANG_WARN_EMPTY_BODY = YES;
				CLANG_WARN_ENUM_CONVERSION = YES;
				CLANG_WARN_INFINITE_RECURSION = YES;
				CLANG_WARN_INT_CONVERSION = YES;
				CLANG_WARN_NON_LITERAL_NULL_CONVERSION = YES;
				CLANG_WARN_OBJC_IMPLICIT_RETAIN_SELF = YES;
				CLANG_WARN_OBJC_LITERAL_CONVERSION = YES;
				CLANG_WARN_OBJC_ROOT_CLASS = YES_ERROR;
				CLANG_WARN_QUOTED_INCLUDE_IN_FRAMEWORK_HEADER = YES;
				CLANG_WARN_RANGE_LOOP_ANALYSIS = YES;
				CLANG_WARN_STRICT_PROTOTYPES = YES;
				CLANG_WARN_SUSPICIOUS_MOVE = YES;
				CLANG_WARN_UNGUARDED_AVAILABILITY = YES_AGGRESSIVE;
				CLANG_WARN_UNREACHABLE_CODE = YES;
				CLANG_WARN__DUPLICATE_METHOD_MATCH = YES;
				COPY_PHASE_STRIP = NO;
				DEBUG_INFORMATION_FORMAT = dwarf;
				ENABLE_STRICT_OBJC_MSGSEND = YES;
				ENABLE_TESTABILITY = YES;
				GCC_C_LANGUAGE_STANDARD = gnu11;
				GCC_DYNAMIC_NO_PIC = NO;
				GCC_NO_COMMON_BLOCKS = YES;
				GCC_OPTIMIZATION_LEVEL = 0;
				GCC_PREPROCESSOR_DEFINITIONS = (
					"DEBUG=1",
					"$(inherited)",
				);
				GCC_WARN_64_TO_32_BIT_CONVERSION = YES;
				GCC_WARN_ABOUT_RETURN_TYPE = YES_ERROR;
				GCC_WARN_UNDECLARED_SELECTOR = YES;
				GCC_WARN_UNINITIALIZED_AUTOS = YES_AGGRESSIVE;
				GCC_WARN_UNUSED_FUNCTION = YES;
				GCC_WARN_UNUSED_VARIABLE = YES;
				IPHONEOS_DEPLOYMENT_TARGET = 14.2;
				MTL_ENABLE_DEBUG_INFO = INCLUDE_SOURCE;
				MTL_FAST_MATH = YES;
				ONLY_ACTIVE_ARCH = YES;
				SDKROOT = iphoneos;
				SWIFT_ACTIVE_COMPILATION_CONDITIONS = DEBUG;
				SWIFT_OPTIMIZATION_LEVEL = "-Onone";
			};
			name = Debug;
		};
		CE771F9A25872C9F0043CF0C /* Release */ = {
			isa = XCBuildConfiguration;
			buildSettings = {
				ALWAYS_SEARCH_USER_PATHS = NO;
				CLANG_ANALYZER_NONNULL = YES;
				CLANG_ANALYZER_NUMBER_OBJECT_CONVERSION = YES_AGGRESSIVE;
				CLANG_CXX_LANGUAGE_STANDARD = "gnu++14";
				CLANG_CXX_LIBRARY = "libc++";
				CLANG_ENABLE_MODULES = YES;
				CLANG_ENABLE_OBJC_ARC = YES;
				CLANG_ENABLE_OBJC_WEAK = YES;
				CLANG_WARN_BLOCK_CAPTURE_AUTORELEASING = YES;
				CLANG_WARN_BOOL_CONVERSION = YES;
				CLANG_WARN_COMMA = YES;
				CLANG_WARN_CONSTANT_CONVERSION = YES;
				CLANG_WARN_DEPRECATED_OBJC_IMPLEMENTATIONS = YES;
				CLANG_WARN_DIRECT_OBJC_ISA_USAGE = YES_ERROR;
				CLANG_WARN_DOCUMENTATION_COMMENTS = YES;
				CLANG_WARN_EMPTY_BODY = YES;
				CLANG_WARN_ENUM_CONVERSION = YES;
				CLANG_WARN_INFINITE_RECURSION = YES;
				CLANG_WARN_INT_CONVERSION = YES;
				CLANG_WARN_NON_LITERAL_NULL_CONVERSION = YES;
				CLANG_WARN_OBJC_IMPLICIT_RETAIN_SELF = YES;
				CLANG_WARN_OBJC_LITERAL_CONVERSION = YES;
				CLANG_WARN_OBJC_ROOT_CLASS = YES_ERROR;
				CLANG_WARN_QUOTED_INCLUDE_IN_FRAMEWORK_HEADER = YES;
				CLANG_WARN_RANGE_LOOP_ANALYSIS = YES;
				CLANG_WARN_STRICT_PROTOTYPES = YES;
				CLANG_WARN_SUSPICIOUS_MOVE = YES;
				CLANG_WARN_UNGUARDED_AVAILABILITY = YES_AGGRESSIVE;
				CLANG_WARN_UNREACHABLE_CODE = YES;
				CLANG_WARN__DUPLICATE_METHOD_MATCH = YES;
				COPY_PHASE_STRIP = NO;
				DEBUG_INFORMATION_FORMAT = "dwarf-with-dsym";
				ENABLE_NS_ASSERTIONS = NO;
				ENABLE_STRICT_OBJC_MSGSEND = YES;
				GCC_C_LANGUAGE_STANDARD = gnu11;
				GCC_NO_COMMON_BLOCKS = YES;
				GCC_WARN_64_TO_32_BIT_CONVERSION = YES;
				GCC_WARN_ABOUT_RETURN_TYPE = YES_ERROR;
				GCC_WARN_UNDECLARED_SELECTOR = YES;
				GCC_WARN_UNINITIALIZED_AUTOS = YES_AGGRESSIVE;
				GCC_WARN_UNUSED_FUNCTION = YES;
				GCC_WARN_UNUSED_VARIABLE = YES;
				IPHONEOS_DEPLOYMENT_TARGET = 14.2;
				MTL_ENABLE_DEBUG_INFO = NO;
				MTL_FAST_MATH = YES;
				SDKROOT = iphoneos;
				SWIFT_COMPILATION_MODE = wholemodule;
				SWIFT_OPTIMIZATION_LEVEL = "-O";
				VALIDATE_PRODUCT = YES;
			};
			name = Release;
		};
		CE771F9C25872C9F0043CF0C /* Debug */ = {
			isa = XCBuildConfiguration;
			baseConfigurationReference = C8E0CCED83E674488D065D5F /* Pods-probeGenerics.debug.xcconfig */;
			buildSettings = {
				ASSETCATALOG_COMPILER_APPICON_NAME = AppIcon;
				ASSETCATALOG_COMPILER_GLOBAL_ACCENT_COLOR_NAME = AccentColor;
				CODE_SIGN_STYLE = Automatic;
				DEVELOPMENT_TEAM = 97MWDWS79F;
				INFOPLIST_FILE = "$(SRCROOT)/AppleTop  UITests/Info.plist";
				IPHONEOS_DEPLOYMENT_TARGET = 14.0;
				LD_RUNPATH_SEARCH_PATHS = (
					"$(inherited)",
					"@executable_path/Frameworks",
				);
				PRODUCT_BUNDLE_IDENTIFIER = mickael.probeGenerics;
				PRODUCT_NAME = "$(TARGET_NAME)";
				SWIFT_VERSION = 5.0;
				TARGETED_DEVICE_FAMILY = "1,2";
			};
			name = Debug;
		};
		CE771F9D25872C9F0043CF0C /* Release */ = {
			isa = XCBuildConfiguration;
			baseConfigurationReference = 7B733E0491B99FAA94E5AB62 /* Pods-probeGenerics.release.xcconfig */;
			buildSettings = {
				ASSETCATALOG_COMPILER_APPICON_NAME = AppIcon;
				ASSETCATALOG_COMPILER_GLOBAL_ACCENT_COLOR_NAME = AccentColor;
				CODE_SIGN_STYLE = Automatic;
				DEVELOPMENT_TEAM = 97MWDWS79F;
				INFOPLIST_FILE = "$(SRCROOT)/AppleTop  UITests/Info.plist";
				IPHONEOS_DEPLOYMENT_TARGET = 14.0;
				LD_RUNPATH_SEARCH_PATHS = (
					"$(inherited)",
					"@executable_path/Frameworks",
				);
				PRODUCT_BUNDLE_IDENTIFIER = mickael.probeGenerics;
				PRODUCT_NAME = "$(TARGET_NAME)";
				SWIFT_VERSION = 5.0;
				TARGETED_DEVICE_FAMILY = "1,2";
			};
			name = Release;
		};
		CE771F9F25872C9F0043CF0C /* Debug */ = {
			isa = XCBuildConfiguration;
			baseConfigurationReference = 399EB8CE07C855AD0A2948CF /* Pods-probeGenericsTests.debug.xcconfig */;
			buildSettings = {
				ALWAYS_EMBED_SWIFT_STANDARD_LIBRARIES = YES;
				BUNDLE_LOADER = "$(TEST_HOST)";
				CODE_SIGN_STYLE = Automatic;
				DEVELOPMENT_TEAM = 97MWDWS79F;
				INFOPLIST_FILE = probeGenericsTests/Info.plist;
				IPHONEOS_DEPLOYMENT_TARGET = 14.2;
				LD_RUNPATH_SEARCH_PATHS = (
					"$(inherited)",
					"@executable_path/Frameworks",
					"@loader_path/Frameworks",
				);
				PRODUCT_BUNDLE_IDENTIFIER = mickael.probeGenericsTests;
				PRODUCT_NAME = "$(TARGET_NAME)";
				SWIFT_VERSION = 5.0;
				TARGETED_DEVICE_FAMILY = "1,2";
				TEST_HOST = "$(BUILT_PRODUCTS_DIR)/AppleTop.app/AppleTop";
			};
			name = Debug;
		};
		CE771FA025872C9F0043CF0C /* Release */ = {
			isa = XCBuildConfiguration;
			baseConfigurationReference = 313CA4739FBB63701A34B279 /* Pods-probeGenericsTests.release.xcconfig */;
			buildSettings = {
				ALWAYS_EMBED_SWIFT_STANDARD_LIBRARIES = YES;
				BUNDLE_LOADER = "$(TEST_HOST)";
				CODE_SIGN_STYLE = Automatic;
				DEVELOPMENT_TEAM = 97MWDWS79F;
				INFOPLIST_FILE = probeGenericsTests/Info.plist;
				IPHONEOS_DEPLOYMENT_TARGET = 14.2;
				LD_RUNPATH_SEARCH_PATHS = (
					"$(inherited)",
					"@executable_path/Frameworks",
					"@loader_path/Frameworks",
				);
				PRODUCT_BUNDLE_IDENTIFIER = mickael.probeGenericsTests;
				PRODUCT_NAME = "$(TARGET_NAME)";
				SWIFT_VERSION = 5.0;
				TARGETED_DEVICE_FAMILY = "1,2";
				TEST_HOST = "$(BUILT_PRODUCTS_DIR)/AppleTop.app/AppleTop";
			};
			name = Release;
		};
		CE771FA225872C9F0043CF0C /* Debug */ = {
			isa = XCBuildConfiguration;
			baseConfigurationReference = 69923CBE0CACEDF8F53EF25E /* Pods-probeGenerics-probeGenericsUITests.debug.xcconfig */;
			buildSettings = {
				ALWAYS_EMBED_SWIFT_STANDARD_LIBRARIES = YES;
				CODE_SIGN_STYLE = Automatic;
				DEVELOPMENT_TEAM = 97MWDWS79F;
				INFOPLIST_FILE = probeGenericsUITests/Info.plist;
				LD_RUNPATH_SEARCH_PATHS = (
					"$(inherited)",
					"@executable_path/Frameworks",
					"@loader_path/Frameworks",
				);
				PRODUCT_BUNDLE_IDENTIFIER = mickael.probeGenericsUITests;
				PRODUCT_NAME = "$(TARGET_NAME)";
				SWIFT_VERSION = 5.0;
				TARGETED_DEVICE_FAMILY = "1,2";
				TEST_TARGET_NAME = probeGenerics;
			};
			name = Debug;
		};
		CE771FA325872C9F0043CF0C /* Release */ = {
			isa = XCBuildConfiguration;
			baseConfigurationReference = E416647F1319EAFC7261FA0F /* Pods-probeGenerics-probeGenericsUITests.release.xcconfig */;
			buildSettings = {
				ALWAYS_EMBED_SWIFT_STANDARD_LIBRARIES = YES;
				CODE_SIGN_STYLE = Automatic;
				DEVELOPMENT_TEAM = 97MWDWS79F;
				INFOPLIST_FILE = probeGenericsUITests/Info.plist;
				LD_RUNPATH_SEARCH_PATHS = (
					"$(inherited)",
					"@executable_path/Frameworks",
					"@loader_path/Frameworks",
				);
				PRODUCT_BUNDLE_IDENTIFIER = mickael.probeGenericsUITests;
				PRODUCT_NAME = "$(TARGET_NAME)";
				SWIFT_VERSION = 5.0;
				TARGETED_DEVICE_FAMILY = "1,2";
				TEST_TARGET_NAME = probeGenerics;
			};
			name = Release;
		};
/* End XCBuildConfiguration section */

/* Begin XCConfigurationList section */
		CE771F6925872C9E0043CF0C /* Build configuration list for PBXProject "AppleTop" */ = {
			isa = XCConfigurationList;
			buildConfigurations = (
				CE771F9925872C9F0043CF0C /* Debug */,
				CE771F9A25872C9F0043CF0C /* Release */,
			);
			defaultConfigurationIsVisible = 0;
			defaultConfigurationName = Release;
		};
		CE771F9B25872C9F0043CF0C /* Build configuration list for PBXNativeTarget "AppleTop" */ = {
			isa = XCConfigurationList;
			buildConfigurations = (
				CE771F9C25872C9F0043CF0C /* Debug */,
				CE771F9D25872C9F0043CF0C /* Release */,
			);
			defaultConfigurationIsVisible = 0;
			defaultConfigurationName = Release;
		};
		CE771F9E25872C9F0043CF0C /* Build configuration list for PBXNativeTarget "AppleTopTests" */ = {
			isa = XCConfigurationList;
			buildConfigurations = (
				CE771F9F25872C9F0043CF0C /* Debug */,
				CE771FA025872C9F0043CF0C /* Release */,
			);
			defaultConfigurationIsVisible = 0;
			defaultConfigurationName = Release;
		};
		CE771FA125872C9F0043CF0C /* Build configuration list for PBXNativeTarget "AppleTopUITests" */ = {
			isa = XCConfigurationList;
			buildConfigurations = (
				CE771FA225872C9F0043CF0C /* Debug */,
				CE771FA325872C9F0043CF0C /* Release */,
			);
			defaultConfigurationIsVisible = 0;
			defaultConfigurationName = Release;
		};
/* End XCConfigurationList section */

/* Begin XCVersionGroup section */
		CE771F7A25872C9E0043CF0C /* AppleTop.xcdatamodeld */ = {
			isa = XCVersionGroup;
			children = (
				CE771F7B25872C9E0043CF0C /* probeGenerics.xcdatamodel */,
			);
			currentVersion = CE771F7B25872C9E0043CF0C /* probeGenerics.xcdatamodel */;
			path = AppleTop.xcdatamodeld;
			sourceTree = "<group>";
			versionGroupType = wrapper.xcdatamodel;
		};
/* End XCVersionGroup section */
	};
	rootObject = CE771F6625872C9E0043CF0C /* Project object */;
}
